
Microsoft Visual Studio Solution File, Format Version 12.00
# Visual Studio 15
VisualStudioVersion = 15.0.26124.0
MinimumVisualStudioVersion = 15.0.26124.0
Project("{2150E333-8FDC-42A3-9474-1A3956D46DE8}") = "src", "src", "{AAD13CB3-77F1-41FA-A205-B93F1D06283A}"
EndProject
Project("{FAE04EC0-301F-11D3-BF4B-00C04F79EFBC}") = "SimpleApi", "src\SimpleApi\SimpleApi.csproj", "{F403F50F-FE51-47B0-A3FE-66651DA501E3}"
EndProject
Project("{2150E333-8FDC-42A3-9474-1A3956D46DE8}") = "tests", "tests", "{61B43EFB-988C-4675-9409-2AA4E7AD9EB3}"
EndProject
Project("{FAE04EC0-301F-11D3-BF4B-00C04F79EFBC}") = "SimpleApi.Test", "tests\SimpleApi.Test\SimpleApi.Test.csproj", "{D6D869BC-CF19-47A0-B7D6-A151473FA5B0}"
EndProject
Global
	GlobalSection(SolutionConfigurationPlatforms) = preSolution
		Debug|Any CPU = Debug|Any CPU
		Debug|x64 = Debug|x64
		Debug|x86 = Debug|x86
		Release|Any CPU = Release|Any CPU
		Release|x64 = Release|x64
		Release|x86 = Release|x86
	EndGlobalSection
	GlobalSection(SolutionProperties) = preSolution
		HideSolutionNode = FALSE
	EndGlobalSection
	GlobalSection(ProjectConfigurationPlatforms) = postSolution
		{F403F50F-FE51-47B0-A3FE-66651DA501E3}.Debug|Any CPU.ActiveCfg = Debug|Any CPU
		{F403F50F-FE51-47B0-A3FE-66651DA501E3}.Debug|Any CPU.Build.0 = Debug|Any CPU
		{F403F50F-FE51-47B0-A3FE-66651DA501E3}.Debug|x64.ActiveCfg = Debug|Any CPU
		{F403F50F-FE51-47B0-A3FE-66651DA501E3}.Debug|x64.Build.0 = Debug|Any CPU
		{F403F50F-FE51-47B0-A3FE-66651DA501E3}.Debug|x86.ActiveCfg = Debug|Any CPU
		{F403F50F-FE51-47B0-A3FE-66651DA501E3}.Debug|x86.Build.0 = Debug|Any CPU
		{F403F50F-FE51-47B0-A3FE-66651DA501E3}.Release|Any CPU.ActiveCfg = Release|Any CPU
		{F403F50F-FE51-47B0-A3FE-66651DA501E3}.Release|Any CPU.Build.0 = Release|Any CPU
		{F403F50F-FE51-47B0-A3FE-66651DA501E3}.Release|x64.ActiveCfg = Release|Any CPU
		{F403F50F-FE51-47B0-A3FE-66651DA501E3}.Release|x64.Build.0 = Release|Any CPU
		{F403F50F-FE51-47B0-A3FE-66651DA501E3}.Release|x86.ActiveCfg = Release|Any CPU
		{F403F50F-FE51-47B0-A3FE-66651DA501E3}.Release|x86.Build.0 = Release|Any CPU
		{D6D869BC-CF19-47A0-B7D6-A151473FA5B0}.Debug|Any CPU.ActiveCfg = Debug|Any CPU
		{D6D869BC-CF19-47A0-B7D6-A151473FA5B0}.Debug|Any CPU.Build.0 = Debug|Any CPU
		{D6D869BC-CF19-47A0-B7D6-A151473FA5B0}.Debug|x64.ActiveCfg = Debug|Any CPU
		{D6D869BC-CF19-47A0-B7D6-A151473FA5B0}.Debug|x64.Build.0 = Debug|Any CPU
		{D6D869BC-CF19-47A0-B7D6-A151473FA5B0}.Debug|x86.ActiveCfg = Debug|Any CPU
		{D6D869BC-CF19-47A0-B7D6-A151473FA5B0}.Debug|x86.Build.0 = Debug|Any CPU
		{D6D869BC-CF19-47A0-B7D6-A151473FA5B0}.Release|Any CPU.ActiveCfg = Release|Any CPU
		{D6D869BC-CF19-47A0-B7D6-A151473FA5B0}.Release|Any CPU.Build.0 = Release|Any CPU
		{D6D869BC-CF19-47A0-B7D6-A151473FA5B0}.Release|x64.ActiveCfg = Release|Any CPU
		{D6D869BC-CF19-47A0-B7D6-A151473FA5B0}.Release|x64.Build.0 = Release|Any CPU
		{D6D869BC-CF19-47A0-B7D6-A151473FA5B0}.Release|x86.ActiveCfg = Release|Any CPU
		{D6D869BC-CF19-47A0-B7D6-A151473FA5B0}.Release|x86.Build.0 = Release|Any CPU
	EndGlobalSection
	GlobalSection(NestedProjects) = preSolution
		{F403F50F-FE51-47B0-A3FE-66651DA501E3} = {AAD13CB3-77F1-41FA-A205-B93F1D06283A}
		{D6D869BC-CF19-47A0-B7D6-A151473FA5B0} = {61B43EFB-988C-4675-9409-2AA4E7AD9EB3}
	EndGlobalSection
EndGlobal
